
Microsoft Visual Studio Solution File, Format Version 12.00
# Visual Studio 14
VisualStudioVersion = 14.0.24720.0
MinimumVisualStudioVersion = 10.0.40219.1
Project("{8BC9CEB8-8B4A-11D0-8D11-00A0C91BC942}") = "Struktury S_2 G_2 Sek_22", "Struktury S_2 G_2 Sek_22\Struktury S_2 G_2 Sek_22.vcxproj", "{41701AA4-2CDD-49A1-88E2-73862CD5666C}"
EndProject
Project("{8BC9CEB8-8B4A-11D0-8D11-00A0C91BC942}") = "Struktury S_2 G_2 Sek_15", "Struktury S_2 G_2 Sek_15\Struktury S_2 G_2 Sek_15.vcxproj", "{A706838A-5442-4102-A79C-C665EEE3871B}"
EndProject
Project("{8BC9CEB8-8B4A-11D0-8D11-00A0C91BC942}") = "Klasy Ekspres_do_kawy_brak_numeru", "Klasy Ekspres_do_kawy_brak_numeru\Klasy Ekspres_do_kawy_brak_numeru.vcxproj", "{2C478818-E847-4656-B286-E1A936AC7154}"
EndProject
Project("{8BC9CEB8-8B4A-11D0-8D11-00A0C91BC942}") = "Zbiornik Paliwa", "Zbiornik Paliwa\Zbiornik Paliwa.vcxproj", "{7D278EEA-AD8E-401F-AACA-16272A6B017E}"
EndProject
Project("{8BC9CEB8-8B4A-11D0-8D11-00A0C91BC942}") = "Zawieranie Numer_telefonu", "Zawieranie Numer_telefonu\Zawieranie Numer_telefonu.vcxproj", "{B38F0785-0EA8-4782-8434-E9FC811BD753}"
EndProject
Project("{8BC9CEB8-8B4A-11D0-8D11-00A0C91BC942}") = "Zawieranie Kod_Pocztowy", "Zawieranie Kod_Pocztowy\Zawieranie Kod_Pocztowy.vcxproj", "{4001CE9E-5F43-4E5B-9A9E-841BB53C1333}"
EndProject
Project("{8BC9CEB8-8B4A-11D0-8D11-00A0C91BC942}") = "Numer_Telefonu Zawieranie_od_Paszkwila", "Numer_Telefonu Zawieranie_od_Paszkwila\Numer_Telefonu Zawieranie_od_Paszkwila.vcxproj", "{A5464E5A-9FCF-4F98-8832-94007B09DAF5}"
EndProject
Project("{8BC9CEB8-8B4A-11D0-8D11-00A0C91BC942}") = "Zawieranie_data", "Zawieranie_data\Zawieranie_data.vcxproj", "{DB5D8597-7215-459D-8EFA-0A88DF658F06}"
EndProject
Project("{8BC9CEB8-8B4A-11D0-8D11-00A0C91BC942}") = "Konstruktor kopiujacy", "Konstruktor kopiujacy\Konstruktor kopiujacy.vcxproj", "{173C8095-56E3-4C6B-9331-5DA661E45A80}"
EndProject
Project("{8BC9CEB8-8B4A-11D0-8D11-00A0C91BC942}") = "Przeciazanie_operatorow Tablica_znakow", "Przeciazanie_operatorow Tablica_znakow\Przeciazanie_operatorow Tablica_znakow.vcxproj", "{89A9A9A0-5988-4861-87D1-EE6C437F98A2}"
EndProject
Project("{8BC9CEB8-8B4A-11D0-8D11-00A0C91BC942}") = "Przeciążanie operatorów Dyn_String", "Przeciążanie operatorów DynString\Przeciążanie operatorów DynString.vcxproj", "{E4704AD8-BD1E-4B07-8ACE-1F9EBF2D94C5}"
EndProject
Global
	GlobalSection(SolutionConfigurationPlatforms) = preSolution
		Debug|x64 = Debug|x64
		Debug|x86 = Debug|x86
		Release|x64 = Release|x64
		Release|x86 = Release|x86
	EndGlobalSection
	GlobalSection(ProjectConfigurationPlatforms) = postSolution
		{41701AA4-2CDD-49A1-88E2-73862CD5666C}.Debug|x64.ActiveCfg = Debug|x64
		{41701AA4-2CDD-49A1-88E2-73862CD5666C}.Debug|x64.Build.0 = Debug|x64
		{41701AA4-2CDD-49A1-88E2-73862CD5666C}.Debug|x86.ActiveCfg = Debug|Win32
		{41701AA4-2CDD-49A1-88E2-73862CD5666C}.Debug|x86.Build.0 = Debug|Win32
		{41701AA4-2CDD-49A1-88E2-73862CD5666C}.Release|x64.ActiveCfg = Release|x64
		{41701AA4-2CDD-49A1-88E2-73862CD5666C}.Release|x64.Build.0 = Release|x64
		{41701AA4-2CDD-49A1-88E2-73862CD5666C}.Release|x86.ActiveCfg = Release|Win32
		{41701AA4-2CDD-49A1-88E2-73862CD5666C}.Release|x86.Build.0 = Release|Win32
		{A706838A-5442-4102-A79C-C665EEE3871B}.Debug|x64.ActiveCfg = Debug|x64
		{A706838A-5442-4102-A79C-C665EEE3871B}.Debug|x64.Build.0 = Debug|x64
		{A706838A-5442-4102-A79C-C665EEE3871B}.Debug|x86.ActiveCfg = Debug|Win32
		{A706838A-5442-4102-A79C-C665EEE3871B}.Debug|x86.Build.0 = Debug|Win32
		{A706838A-5442-4102-A79C-C665EEE3871B}.Release|x64.ActiveCfg = Release|x64
		{A706838A-5442-4102-A79C-C665EEE3871B}.Release|x64.Build.0 = Release|x64
		{A706838A-5442-4102-A79C-C665EEE3871B}.Release|x86.ActiveCfg = Release|Win32
		{A706838A-5442-4102-A79C-C665EEE3871B}.Release|x86.Build.0 = Release|Win32
		{2C478818-E847-4656-B286-E1A936AC7154}.Debug|x64.ActiveCfg = Debug|x64
		{2C478818-E847-4656-B286-E1A936AC7154}.Debug|x64.Build.0 = Debug|x64
		{2C478818-E847-4656-B286-E1A936AC7154}.Debug|x86.ActiveCfg = Debug|Win32
		{2C478818-E847-4656-B286-E1A936AC7154}.Debug|x86.Build.0 = Debug|Win32
		{2C478818-E847-4656-B286-E1A936AC7154}.Release|x64.ActiveCfg = Release|x64
		{2C478818-E847-4656-B286-E1A936AC7154}.Release|x64.Build.0 = Release|x64
		{2C478818-E847-4656-B286-E1A936AC7154}.Release|x86.ActiveCfg = Release|Win32
		{2C478818-E847-4656-B286-E1A936AC7154}.Release|x86.Build.0 = Release|Win32
		{7D278EEA-AD8E-401F-AACA-16272A6B017E}.Debug|x64.ActiveCfg = Debug|x64
		{7D278EEA-AD8E-401F-AACA-16272A6B017E}.Debug|x64.Build.0 = Debug|x64
		{7D278EEA-AD8E-401F-AACA-16272A6B017E}.Debug|x86.ActiveCfg = Debug|Win32
		{7D278EEA-AD8E-401F-AACA-16272A6B017E}.Debug|x86.Build.0 = Debug|Win32
		{7D278EEA-AD8E-401F-AACA-16272A6B017E}.Release|x64.ActiveCfg = Release|x64
		{7D278EEA-AD8E-401F-AACA-16272A6B017E}.Release|x64.Build.0 = Release|x64
		{7D278EEA-AD8E-401F-AACA-16272A6B017E}.Release|x86.ActiveCfg = Release|Win32
		{7D278EEA-AD8E-401F-AACA-16272A6B017E}.Release|x86.Build.0 = Release|Win32
		{B38F0785-0EA8-4782-8434-E9FC811BD753}.Debug|x64.ActiveCfg = Debug|x64
		{B38F0785-0EA8-4782-8434-E9FC811BD753}.Debug|x64.Build.0 = Debug|x64
		{B38F0785-0EA8-4782-8434-E9FC811BD753}.Debug|x86.ActiveCfg = Debug|Win32
		{B38F0785-0EA8-4782-8434-E9FC811BD753}.Debug|x86.Build.0 = Debug|Win32
		{B38F0785-0EA8-4782-8434-E9FC811BD753}.Release|x64.ActiveCfg = Release|x64
		{B38F0785-0EA8-4782-8434-E9FC811BD753}.Release|x64.Build.0 = Release|x64
		{B38F0785-0EA8-4782-8434-E9FC811BD753}.Release|x86.ActiveCfg = Release|Win32
		{B38F0785-0EA8-4782-8434-E9FC811BD753}.Release|x86.Build.0 = Release|Win32
		{4001CE9E-5F43-4E5B-9A9E-841BB53C1333}.Debug|x64.ActiveCfg = Debug|x64
		{4001CE9E-5F43-4E5B-9A9E-841BB53C1333}.Debug|x64.Build.0 = Debug|x64
		{4001CE9E-5F43-4E5B-9A9E-841BB53C1333}.Debug|x86.ActiveCfg = Debug|Win32
		{4001CE9E-5F43-4E5B-9A9E-841BB53C1333}.Debug|x86.Build.0 = Debug|Win32
		{4001CE9E-5F43-4E5B-9A9E-841BB53C1333}.Release|x64.ActiveCfg = Release|x64
		{4001CE9E-5F43-4E5B-9A9E-841BB53C1333}.Release|x64.Build.0 = Release|x64
		{4001CE9E-5F43-4E5B-9A9E-841BB53C1333}.Release|x86.ActiveCfg = Release|Win32
		{4001CE9E-5F43-4E5B-9A9E-841BB53C1333}.Release|x86.Build.0 = Release|Win32
		{A5464E5A-9FCF-4F98-8832-94007B09DAF5}.Debug|x64.ActiveCfg = Debug|x64
		{A5464E5A-9FCF-4F98-8832-94007B09DAF5}.Debug|x64.Build.0 = Debug|x64
		{A5464E5A-9FCF-4F98-8832-94007B09DAF5}.Debug|x86.ActiveCfg = Debug|Win32
		{A5464E5A-9FCF-4F98-8832-94007B09DAF5}.Debug|x86.Build.0 = Debug|Win32
		{A5464E5A-9FCF-4F98-8832-94007B09DAF5}.Release|x64.ActiveCfg = Release|x64
		{A5464E5A-9FCF-4F98-8832-94007B09DAF5}.Release|x64.Build.0 = Release|x64
		{A5464E5A-9FCF-4F98-8832-94007B09DAF5}.Release|x86.ActiveCfg = Release|Win32
		{A5464E5A-9FCF-4F98-8832-94007B09DAF5}.Release|x86.Build.0 = Release|Win32
		{DB5D8597-7215-459D-8EFA-0A88DF658F06}.Debug|x64.ActiveCfg = Debug|x64
		{DB5D8597-7215-459D-8EFA-0A88DF658F06}.Debug|x64.Build.0 = Debug|x64
		{DB5D8597-7215-459D-8EFA-0A88DF658F06}.Debug|x86.ActiveCfg = Debug|Win32
		{DB5D8597-7215-459D-8EFA-0A88DF658F06}.Debug|x86.Build.0 = Debug|Win32
		{DB5D8597-7215-459D-8EFA-0A88DF658F06}.Release|x64.ActiveCfg = Release|x64
		{DB5D8597-7215-459D-8EFA-0A88DF658F06}.Release|x64.Build.0 = Release|x64
		{DB5D8597-7215-459D-8EFA-0A88DF658F06}.Release|x86.ActiveCfg = Release|Win32
		{DB5D8597-7215-459D-8EFA-0A88DF658F06}.Release|x86.Build.0 = Release|Win32
		{173C8095-56E3-4C6B-9331-5DA661E45A80}.Debug|x64.ActiveCfg = Debug|x64
		{173C8095-56E3-4C6B-9331-5DA661E45A80}.Debug|x64.Build.0 = Debug|x64
		{173C8095-56E3-4C6B-9331-5DA661E45A80}.Debug|x86.ActiveCfg = Debug|Win32
		{173C8095-56E3-4C6B-9331-5DA661E45A80}.Debug|x86.Build.0 = Debug|Win32
		{173C8095-56E3-4C6B-9331-5DA661E45A80}.Release|x64.ActiveCfg = Release|x64
		{173C8095-56E3-4C6B-9331-5DA661E45A80}.Release|x64.Build.0 = Release|x64
		{173C8095-56E3-4C6B-9331-5DA661E45A80}.Release|x86.ActiveCfg = Release|Win32
		{173C8095-56E3-4C6B-9331-5DA661E45A80}.Release|x86.Build.0 = Release|Win32
		{89A9A9A0-5988-4861-87D1-EE6C437F98A2}.Debug|x64.ActiveCfg = Debug|x64
		{89A9A9A0-5988-4861-87D1-EE6C437F98A2}.Debug|x64.Build.0 = Debug|x64
		{89A9A9A0-5988-4861-87D1-EE6C437F98A2}.Debug|x86.ActiveCfg = Debug|Win32
		{89A9A9A0-5988-4861-87D1-EE6C437F98A2}.Debug|x86.Build.0 = Debug|Win32
		{89A9A9A0-5988-4861-87D1-EE6C437F98A2}.Release|x64.ActiveCfg = Release|x64
		{89A9A9A0-5988-4861-87D1-EE6C437F98A2}.Release|x64.Build.0 = Release|x64
		{89A9A9A0-5988-4861-87D1-EE6C437F98A2}.Release|x86.ActiveCfg = Release|Win32
		{89A9A9A0-5988-4861-87D1-EE6C437F98A2}.Release|x86.Build.0 = Release|Win32
		{E4704AD8-BD1E-4B07-8ACE-1F9EBF2D94C5}.Debug|x64.ActiveCfg = Debug|x64
		{E4704AD8-BD1E-4B07-8ACE-1F9EBF2D94C5}.Debug|x64.Build.0 = Debug|x64
		{E4704AD8-BD1E-4B07-8ACE-1F9EBF2D94C5}.Debug|x86.ActiveCfg = Debug|Win32
		{E4704AD8-BD1E-4B07-8ACE-1F9EBF2D94C5}.Debug|x86.Build.0 = Debug|Win32
		{E4704AD8-BD1E-4B07-8ACE-1F9EBF2D94C5}.Release|x64.ActiveCfg = Release|x64
		{E4704AD8-BD1E-4B07-8ACE-1F9EBF2D94C5}.Release|x64.Build.0 = Release|x64
		{E4704AD8-BD1E-4B07-8ACE-1F9EBF2D94C5}.Release|x86.ActiveCfg = Release|Win32
		{E4704AD8-BD1E-4B07-8ACE-1F9EBF2D94C5}.Release|x86.Build.0 = Release|Win32
	EndGlobalSection
	GlobalSection(SolutionProperties) = preSolution
		HideSolutionNode = FALSE
	EndGlobalSection
EndGlobal
